
Microsoft Visual Studio Solution File, Format Version 12.00
# Visual Studio Version 16
VisualStudioVersion = 16.0.31410.357
MinimumVisualStudioVersion = 10.0.40219.1
Project("{FAE04EC0-301F-11D3-BF4B-00C04F79EFBC}") = "Largest Collatz Sequence", "Largest Collatz Sequence\Largest Collatz Sequence.csproj", "{22AC12D3-C203-46D8-A32C-F27615810846}"
EndProject
Global
	GlobalSection(SolutionConfigurationPlatforms) = preSolution
		Debug|Any CPU = Debug|Any CPU
		Release|Any CPU = Release|Any CPU
	EndGlobalSection
	GlobalSection(ProjectConfigurationPlatforms) = postSolution
		{22AC12D3-C203-46D8-A32C-F27615810846}.Debug|Any CPU.ActiveCfg = Debug|Any CPU
		{22AC12D3-C203-46D8-A32C-F27615810846}.Debug|Any CPU.Build.0 = Debug|Any CPU
		{22AC12D3-C203-46D8-A32C-F27615810846}.Release|Any CPU.ActiveCfg = Release|Any CPU
		{22AC12D3-C203-46D8-A32C-F27615810846}.Release|Any CPU.Build.0 = Release|Any CPU
	EndGlobalSection
	GlobalSection(SolutionProperties) = preSolution
		HideSolutionNode = FALSE
	EndGlobalSection
	GlobalSection(ExtensibilityGlobals) = postSolution
		SolutionGuid = {86831BF1-C8AE-4537-934A-641E6679E34F}
	EndGlobalSection
EndGlobal
